
Microsoft Visual Studio Solution File, Format Version 12.00
# Visual Studio Version 16
VisualStudioVersion = 25.0.1705.4
MinimumVisualStudioVersion = 10.0.40219.1
Project("{FAE04EC0-301F-11D3-BF4B-00C04F79EFBC}") = "Jokes", "Jokes\Jokes.csproj", "{42A4C42F-1EB6-4792-8CAB-500277E54F0D}"
EndProject
Global
	GlobalSection(SolutionConfigurationPlatforms) = preSolution
		Debug|Any CPU = Debug|Any CPU
		Release|Any CPU = Release|Any CPU
	EndGlobalSection
	GlobalSection(ProjectConfigurationPlatforms) = postSolution
		{42A4C42F-1EB6-4792-8CAB-500277E54F0D}.Debug|Any CPU.ActiveCfg = Debug|Any CPU
		{42A4C42F-1EB6-4792-8CAB-500277E54F0D}.Debug|Any CPU.Build.0 = Debug|Any CPU
		{42A4C42F-1EB6-4792-8CAB-500277E54F0D}.Release|Any CPU.ActiveCfg = Release|Any CPU
		{42A4C42F-1EB6-4792-8CAB-500277E54F0D}.Release|Any CPU.Build.0 = Release|Any CPU
	EndGlobalSection
	GlobalSection(SolutionProperties) = preSolution
		HideSolutionNode = FALSE
	EndGlobalSection
	GlobalSection(ExtensibilityGlobals) = postSolution
		SolutionGuid = {F0EA0980-0C59-476C-9474-798536456968}
	EndGlobalSection
EndGlobal
